
Microsoft Visual Studio Solution File, Format Version 12.00
# Visual Studio 2013
VisualStudioVersion = 12.0.30501.0
MinimumVisualStudioVersion = 10.0.40219.1
Project("{8BC9CEB8-8B4A-11D0-8D11-00A0C91BC942}") = "K1_Pvz_3", "K1_Pvz_3\K1_Pvz_3.vcxproj", "{CF220174-FA5A-4B90-820D-2D0E6EF68C74}"
EndProject
Global
	GlobalSection(SolutionConfigurationPlatforms) = preSolution
		Debug|Win32 = Debug|Win32
		Release|Win32 = Release|Win32
	EndGlobalSection
	GlobalSection(ProjectConfigurationPlatforms) = postSolution
		{CF220174-FA5A-4B90-820D-2D0E6EF68C74}.Debug|Win32.ActiveCfg = Debug|Win32
		{CF220174-FA5A-4B90-820D-2D0E6EF68C74}.Debug|Win32.Build.0 = Debug|Win32
		{CF220174-FA5A-4B90-820D-2D0E6EF68C74}.Release|Win32.ActiveCfg = Release|Win32
		{CF220174-FA5A-4B90-820D-2D0E6EF68C74}.Release|Win32.Build.0 = Release|Win32
	EndGlobalSection
	GlobalSection(SolutionProperties) = preSolution
		HideSolutionNode = FALSE
	EndGlobalSection
EndGlobal
